dependencies:
  idf:
    source:
      type: idf
    version: 5.4.3
  lvgl/lvgl:
    component_hash: d7c1ac037ae6e85d94897f807d6e7ba0946a83e720074fc95a4f6241da9f9f53
    dependencies: []
    source:
      registry_url: https://components.espressif.com/
      type: service
    version: 8.4.0
direct_dependencies:
- lvgl/lvgl
manifest_hash: 99f42358a005eb46d8511320ac2919553a5b0115eaa13c5203f6ab4b0659eb9b
target: esp32s3
version: 2.0.0
